
Microsoft Visual Studio Solution File, Format Version 12.00
# Visual Studio Version 17
VisualStudioVersion = 17.4.33403.182
MinimumVisualStudioVersion = 10.0.40219.1
Project("{9A19103F-16F7-4668-BE54-9A1E7A4F7556}") = "RogueStarIdle.ServerApplication", "RogueStarIdle.ServerApplication\RogueStarIdle.ServerApplication.csproj", "{4DA1FCDE-22DD-4973-958A-250D31D7BED7}"
EndProject
Project("{9A19103F-16F7-4668-BE54-9A1E7A4F7556}") = "RogueStarIdle.UseCases", "RogueStarIdle.UseCases\RogueStarIdle.UseCases.csproj", "{2C725AF6-991D-4CE0-95B7-9163DAAA173E}"
EndProject
Project("{9A19103F-16F7-4668-BE54-9A1E7A4F7556}") = "RogueStarIdle.CoreBusiness", "RogueStarIdle.CoreBusiness\RogueStarIdle.CoreBusiness.csproj", "{2962372E-C836-4D6C-9115-1B560AB39E88}"
EndProject
Project("{2150E333-8FDC-42A3-9474-1A3956D46DE8}") = "RogueStarIdle.PlugIns", "RogueStarIdle.PlugIns", "{605B455C-5DCA-441B-BDC6-E03DD72D974F}"
EndProject
Project("{9A19103F-16F7-4668-BE54-9A1E7A4F7556}") = "RogueStarIdle.PlugIns.InMemory", "RogueStarIdle.PlugIns\RogueStarIdle.PlugIns.InMemory\RogueStarIdle.PlugIns.InMemory.csproj", "{C429530F-0252-440C-8D45-6E66F130BD46}"
EndProject
Global
	GlobalSection(SolutionConfigurationPlatforms) = preSolution
		Debug|Any CPU = Debug|Any CPU
		Release|Any CPU = Release|Any CPU
	EndGlobalSection
	GlobalSection(ProjectConfigurationPlatforms) = postSolution
		{4DA1FCDE-22DD-4973-958A-250D31D7BED7}.Debug|Any CPU.ActiveCfg = Debug|Any CPU
		{4DA1FCDE-22DD-4973-958A-250D31D7BED7}.Debug|Any CPU.Build.0 = Debug|Any CPU
		{4DA1FCDE-22DD-4973-958A-250D31D7BED7}.Release|Any CPU.ActiveCfg = Release|Any CPU
		{4DA1FCDE-22DD-4973-958A-250D31D7BED7}.Release|Any CPU.Build.0 = Release|Any CPU
		{2C725AF6-991D-4CE0-95B7-9163DAAA173E}.Debug|Any CPU.ActiveCfg = Debug|Any CPU
		{2C725AF6-991D-4CE0-95B7-9163DAAA173E}.Debug|Any CPU.Build.0 = Debug|Any CPU
		{2C725AF6-991D-4CE0-95B7-9163DAAA173E}.Release|Any CPU.ActiveCfg = Release|Any CPU
		{2C725AF6-991D-4CE0-95B7-9163DAAA173E}.Release|Any CPU.Build.0 = Release|Any CPU
		{2962372E-C836-4D6C-9115-1B560AB39E88}.Debug|Any CPU.ActiveCfg = Debug|Any CPU
		{2962372E-C836-4D6C-9115-1B560AB39E88}.Debug|Any CPU.Build.0 = Debug|Any CPU
		{2962372E-C836-4D6C-9115-1B560AB39E88}.Release|Any CPU.ActiveCfg = Release|Any CPU
		{2962372E-C836-4D6C-9115-1B560AB39E88}.Release|Any CPU.Build.0 = Release|Any CPU
		{C429530F-0252-440C-8D45-6E66F130BD46}.Debug|Any CPU.ActiveCfg = Debug|Any CPU
		{C429530F-0252-440C-8D45-6E66F130BD46}.Debug|Any CPU.Build.0 = Debug|Any CPU
		{C429530F-0252-440C-8D45-6E66F130BD46}.Release|Any CPU.ActiveCfg = Release|Any CPU
		{C429530F-0252-440C-8D45-6E66F130BD46}.Release|Any CPU.Build.0 = Release|Any CPU
	EndGlobalSection
	GlobalSection(SolutionProperties) = preSolution
		HideSolutionNode = FALSE
	EndGlobalSection
	GlobalSection(NestedProjects) = preSolution
		{C429530F-0252-440C-8D45-6E66F130BD46} = {605B455C-5DCA-441B-BDC6-E03DD72D974F}
	EndGlobalSection
	GlobalSection(ExtensibilityGlobals) = postSolution
		SolutionGuid = {559DB72E-BF45-4225-89AD-4826F81281A1}
	EndGlobalSection
EndGlobal
